// !$*UTF8*$!
{
	archiveVersion = 1;
	classes = {
	};
	objectVersion = 46;
	objects = {

/* Begin PBXBuildFile section */
		18DF717F1B56337B00F324C1 /* main.m in Sources */ = {isa = PBXBuildFile; fileRef = 18DF717E1B56337B00F324C1 /* main.m */; };
		18DF71821B56337B00F324C1 /* AppDelegate.m in Sources */ = {isa = PBXBuildFile; fileRef = 18DF71811B56337B00F324C1 /* AppDelegate.m */; };
		18DF71851B56337B00F324C1 /* ViewController.m in Sources */ = {isa = PBXBuildFile; fileRef = 18DF71841B56337B00F324C1 /* ViewController.m */; };
		18DF71881B56337B00F324C1 /* Main.storyboard in Resources */ = {isa = PBXBuildFile; fileRef = 18DF71861B56337B00F324C1 /* Main.storyboard */; };
		18DF718A1B56337B00F324C1 /* Images.xcassets in Resources */ = {isa = PBXBuildFile; fileRef = 18DF71891B56337B00F324C1 /* Images.xcassets */; };
		18DF718D1B56337B00F324C1 /* LaunchScreen.xib in Resources */ = {isa = PBXBuildFile; fileRef = 18DF718B1B56337B00F324C1 /* LaunchScreen.xib */; };
		18DF71991B56337B00F324C1 /* TowhereTests.m in Sources */ = {isa = PBXBuildFile; fileRef = 18DF71981B56337B00F324C1 /* TowhereTests.m */; };
/* End PBXBuildFile section */

/* Begin PBXContainerItemProxy section */
		18DF71931B56337B00F324C1 /* PBXContainerItemProxy */ = {
			isa = PBXContainerItemProxy;
			containerPortal = 18DF71711B56337B00F324C1 /* Project object */;
			proxyType = 1;
			remoteGlobalIDString = 18DF71781B56337B00F324C1;
			remoteInfo = Towhere;
		};
/* End PBXContainerItemProxy section */

/* Begin PBXFileReference section */
		18DF71791B56337B00F324C1 /* Towhere.app */ = {isa = PBXFileReference; explicitFileType = wrapper.application; includeInIndex = 0; path = Towhere.app; sourceTree = BUILT_PRODUCTS_DIR; };
		18DF717D1B56337B00F324C1 /* Info.plist */ = {isa = PBXFileReference; lastKnownFileType = text.plist.xml; path = Info.plist; sourceTree = "<group>"; };
		18DF717E1B56337B00F324C1 /* main.m */ = {isa = PBXFileReference; lastKnownFileType = sourcecode.c.objc; path = main.m; sourceTree = "<group>"; };
		18DF71801B56337B00F324C1 /* AppDelegate.h */ = {isa = PBXFileReference; lastKnownFileType = sourcecode.c.h; path = AppDelegate.h; sourceTree = "<group>"; };
		18DF71811B56337B00F324C1 /* AppDelegate.m */ = {isa = PBXFileReference; lastKnownFileType = sourcecode.c.objc; path = AppDelegate.m; sourceTree = "<group>"; };
		18DF71831B56337B00F324C1 /* ViewController.h */ = {isa = PBXFileReference; lastKnownFileType = sourcecode.c.h; path = ViewController.h; sourceTree = "<group>"; };
		18DF71841B56337B00F324C1 /* ViewController.m */ = {isa = PBXFileReference; lastKnownFileType = sourcecode.c.objc; path = ViewController.m; sourceTree = "<group>"; };
		18DF71871B56337B00F324C1 /* Base */ = {isa = PBXFileReference; lastKnownFileType = file.storyboard; name = Base; path = Base.lproj/Main.storyboard; sourceTree = "<group>"; };
		18DF71891B56337B00F324C1 /* Images.xcassets */ = {isa = PBXFileReference; lastKnownFileType = folder.assetcatalog; path = Images.xcassets; sourceTree = "<group>"; };
		18DF718C1B56337B00F324C1 /* Base */ = {isa = PBXFileReference; lastKnownFileType = file.xib; name = Base; path = Base.lproj/LaunchScreen.xib; sourceTree = "<group>"; };
		18DF71921B56337B00F324C1 /* TowhereTests.xctest */ = {isa = PBXFileReference; explicitFileType = wrapper.cfbundle; includeInIndex = 0; path = TowhereTests.xctest; sourceTree = BUILT_PRODUCTS_DIR; };
		18DF71971B56337B00F324C1 /* Info.plist */ = {isa = PBXFileReference; lastKnownFileType = text.plist.xml; path = Info.plist; sourceTree = "<group>"; };
		18DF71981B56337B00F324C1 /* TowhereTests.m */ = {isa = PBXFileReference; lastKnownFileType = sourcecode.c.objc; path = TowhereTests.m; sourceTree = "<group>"; };
/* End PBXFileReference section */

/* Begin PBXFrameworksBuildPhase section */
		18DF71761B56337B00F324C1 /* Frameworks */ = {
			isa = PBXFrameworksBuildPhase;
			buildActionMask = 2147483647;
			files = (
			);
			runOnlyForDeploymentPostprocessing = 0;
		};
		18DF718F1B56337B00F324C1 /* Frameworks */ = {
			isa = PBXFrameworksBuildPhase;
			buildActionMask = 2147483647;
			files = (
			);
			runOnlyForDeploymentPostprocessing = 0;
		};
/* End PBXFrameworksBuildPhase section */

/* Begin PBXGroup section */
		18DF71701B56337B00F324C1 = {
			isa = PBXGroup;
			children = (
				18DF717B1B56337B00F324C1 /* Towhere */,
				18DF71951B56337B00F324C1 /* TowhereTests */,
				18DF717A1B56337B00F324C1 /* Products */,
			);
			sourceTree = "<group>";
		};
		18DF717A1B56337B00F324C1 /* Products */ = {
			isa = PBXGroup;
			children = (
				18DF71791B56337B00F324C1 /* Towhere.app */,
				18DF71921B56337B00F324C1 /* TowhereTests.xctest */,
			);
			name = Products;
			sourceTree = "<group>";
		};
		18DF717B1B56337B00F324C1 /* Towhere */ = {
			isa = PBXGroup;
			children = (
				18DF71801B56337B00F324C1 /* AppDelegate.h */,
				18DF71811B56337B00F324C1 /* AppDelegate.m */,
				18DF71831B56337B00F324C1 /* ViewController.h */,
				18DF71841B56337B00F324C1 /* ViewController.m */,
				18DF71861B56337B00F324C1 /* Main.storyboard */,
				18DF71891B56337B00F324C1 /* Images.xcassets */,
				18DF718B1B56337B00F324C1 /* LaunchScreen.xib */,
				18DF717C1B56337B00F324C1 /* Supporting Files */,
			);
			path = Towhere;
			sourceTree = "<group>";
		};
		18DF717C1B56337B00F324C1 /* Supporting Files */ = {
			isa = PBXGroup;
			children = (
				18DF717D1B56337B00F324C1 /* Info.plist */,
				18DF717E1B56337B00F324C1 /* main.m */,
			);
			name = "Supporting Files";
			sourceTree = "<group>";
		};
		18DF71951B56337B00F324C1 /* TowhereTests */ = {
			isa = PBXGroup;
			children = (
				18DF71981B56337B00F324C1 /* TowhereTests.m */,
				18DF71961B56337B00F324C1 /* Supporting Files */,
			);
			path = TowhereTests;
			sourceTree = "<group>";
		};
		18DF71961B56337B00F324C1 /* Supporting Files */ = {
			isa = PBXGroup;
			children = (
				18DF71971B56337B00F324C1 /* Info.plist */,
			);
			name = "Supporting Files";
			sourceTree = "<group>";
		};
/* End PBXGroup section */

/* Begin PBXNativeTarget section */
		18DF71781B56337B00F324C1 /* Towhere */ = {
			isa = PBXNativeTarget;
			buildConfigurationList = 18DF719C1B56337B00F324C1 /* Build configuration list for PBXNativeTarget "Towhere" */;
			buildPhases = (
				18DF71751B56337B00F324C1 /* Sources */,
				18DF71761B56337B00F324C1 /* Frameworks */,
				18DF71771B56337B00F324C1 /* Resources */,
			);
			buildRules = (
			);
			dependencies = (
			);
			name = Towhere;
			productName = Towhere;
			productReference = 18DF71791B56337B00F324C1 /* Towhere.app */;
			productType = "com.apple.product-type.application";
		};
		18DF71911B56337B00F324C1 /* TowhereTests */ = {
			isa = PBXNativeTarget;
			buildConfigurationList = 18DF719F1B56337B00F324C1 /* Build configuration list for PBXNativeTarget "TowhereTests" */;
			buildPhases = (
				18DF718E1B56337B00F324C1 /* Sources */,
				18DF718F1B56337B00F324C1 /* Frameworks */,
				18DF71901B56337B00F324C1 /* Resources */,
			);
			buildRules = (
			);
			dependencies = (
				18DF71941B56337B00F324C1 /* PBXTargetDependency */,
			);
			name = TowhereTests;
			productName = TowhereTests;
			productReference = 18DF71921B56337B00F324C1 /* TowhereTests.xctest */;
			productType = "com.apple.product-type.bundle.unit-test";
		};
/* End PBXNativeTarget section */

/* Begin PBXProject section */
		18DF71711B56337B00F324C1 /* Project object */ = {
			isa = PBXProject;
			attributes = {
				LastUpgradeCheck = 0640;
				ORGANIZATIONNAME = elephant;
				TargetAttributes = {
					18DF71781B56337B00F324C1 = {
						CreatedOnToolsVersion = 6.4;
					};
					18DF71911B56337B00F324C1 = {
						CreatedOnToolsVersion = 6.4;
						TestTargetID = 18DF71781B56337B00F324C1;
					};
				};
			};
			buildConfigurationList = 18DF71741B56337B00F324C1 /* Build configuration list for PBXProject "Towhere" */;
			compatibilityVersion = "Xcode 3.2";
			developmentRegion = English;
			hasScannedForEncodings = 0;
			knownRegions = (
				en,
				Base,
			);
			mainGroup = 18DF71701B56337B00F324C1;
			productRefGroup = 18DF717A1B56337B00F324C1 /* Products */;
			projectDirPath = "";
			projectRoot = "";
			targets = (
				18DF71781B56337B00F324C1 /* Towhere */,
				18DF71911B56337B00F324C1 /* TowhereTests */,
			);
		};
/* End PBXProject section */

/* Begin PBXResourcesBuildPhase section */
		18DF71771B56337B00F324C1 /* Resources */ = {
			isa = PBXResourcesBuildPhase;
			buildActionMask = 2147483647;
			files = (
				18DF71881B56337B00F324C1 /* Main.storyboard in Resources */,
				18DF718D1B56337B00F324C1 /* LaunchScreen.xib in Resources */,
				18DF718A1B56337B00F324C1 /* Images.xcassets in Resources */,
			);
			runOnlyForDeploymentPostprocessing = 0;
		};
		18DF71901B56337B00F324C1 /* Resources */ = {
			isa = PBXResourcesBuildPhase;
			buildActionMask = 2147483647;
			files = (
			);
			runOnlyForDeploymentPostprocessing = 0;
		};
/* End PBXResourcesBuildPhase section */

/* Begin PBXSourcesBuildPhase section */
		18DF71751B56337B00F324C1 /* Sources */ = {
			isa = PBXSourcesBuildPhase;
			buildActionMask = 2147483647;
			files = (
				18DF71851B56337B00F324C1 /* ViewController.m in Sources */,
				18DF71821B56337B00F324C1 /* AppDelegate.m in Sources */,
				18DF717F1B56337B00F324C1 /* main.m in Sources */,
			);
			runOnlyForDeploymentPostprocessing = 0;
		};
		18DF718E1B56337B00F324C1 /* Sources */ = {
			isa = PBXSourcesBuildPhase;
			buildActionMask = 2147483647;
			files = (
				18DF71991B56337B00F324C1 /* TowhereTests.m in Sources */,
			);
			runOnlyForDeploymentPostprocessing = 0;
		};
/* End PBXSourcesBuildPhase section */

/* Begin PBXTargetDependency section */
		18DF71941B56337B00F324C1 /* PBXTargetDependency */ = {
			isa = PBXTargetDependency;
			target = 18DF71781B56337B00F324C1 /* Towhere */;
			targetProxy = 18DF71931B56337B00F324C1 /* PBXContainerItemProxy */;
		};
/* End PBXTargetDependency section */

/* Begin PBXVariantGroup section */
		18DF71861B56337B00F324C1 /* Main.storyboard */ = {
			isa = PBXVariantGroup;
			children = (
				18DF71871B56337B00F324C1 /* Base */,
			);
			name = Main.storyboard;
			sourceTree = "<group>";
		};
		18DF718B1B56337B00F324C1 /* LaunchScreen.xib */ = {
			isa = PBXVariantGroup;
			children = (
				18DF718C1B56337B00F324C1 /* Base */,
			);
			name = LaunchScreen.xib;
			sourceTree = "<group>";
		};
/* End PBXVariantGroup section */

/* Begin XCBuildConfiguration section */
		18DF719A1B56337B00F324C1 /* Debug */ = {
			isa = XCBuildConfiguration;
			buildSettings = {
				ALWAYS_SEARCH_USER_PATHS = NO;
				CLANG_CXX_LANGUAGE_STANDARD = "gnu++0x";
				CLANG_CXX_LIBRARY = "libc++";
				CLANG_ENABLE_MODULES = YES;
				CLANG_ENABLE_OBJC_ARC = YES;
				CLANG_WARN_BOOL_CONVERSION = YES;
				CLANG_WARN_CONSTANT_CONVERSION = YES;
				CLANG_WARN_DIRECT_OBJC_ISA_USAGE = YES_ERROR;
				CLANG_WARN_EMPTY_BODY = YES;
				CLANG_WARN_ENUM_CONVERSION = YES;
				CLANG_WARN_INT_CONVERSION = YES;
				CLANG_WARN_OBJC_ROOT_CLASS = YES_ERROR;
				CLANG_WARN_UNREACHABLE_CODE = YES;
				CLANG_WARN__DUPLICATE_METHOD_MATCH = YES;
				"CODE_SIGN_IDENTITY[sdk=iphoneos*]" = "iPhone Developer";
				COPY_PHASE_STRIP = NO;
				DEBUG_INFORMATION_FORMAT = "dwarf-with-dsym";
				ENABLE_STRICT_OBJC_MSGSEND = YES;
				GCC_C_LANGUAGE_STANDARD = gnu99;
				GCC_DYNAMIC_NO_PIC = NO;
				GCC_NO_COMMON_BLOCKS = YES;
				GCC_OPTIMIZATION_LEVEL = 0;
				GCC_PREPROCESSOR_DEFINITIONS = (
					"DEBUG=1",
					"$(inherited)",
				);
				GCC_SYMBOLS_PRIVATE_EXTERN = NO;
				GCC_WARN_64_TO_32_BIT_CONVERSION = YES;
				GCC_WARN_ABOUT_RETURN_TYPE = YES_ERROR;
				GCC_WARN_UNDECLARED_SELECTOR = YES;
				GCC_WARN_UNINITIALIZED_AUTOS = YES_AGGRESSIVE;
				GCC_WARN_UNUSED_FUNCTION = YES;
				GCC_WARN_UNUSED_VARIABLE = YES;
				IPHONEOS_DEPLOYMENT_TARGET = 8.4;
				MTL_ENABLE_DEBUG_INFO = YES;
				ONLY_ACTIVE_ARCH = YES;
				SDKROOT = iphoneos;
			};
			name = Debug;
		};
		18DF719B1B56337B00F324C1 /* Release */ = {
			isa = XCBuildConfiguration;
			buildSettings = {
				ALWAYS_SEARCH_USER_PATHS = NO;
				CLANG_CXX_LANGUAGE_STANDARD = "gnu++0x";
				CLANG_CXX_LIBRARY = "libc++";
				CLANG_ENABLE_MODULES = YES;
				CLANG_ENABLE_OBJC_ARC = YES;
				CLANG_WARN_BOOL_CONVERSION = YES;
				CLANG_WARN_CONSTANT_CONVERSION = YES;
				CLANG_WARN_DIRECT_OBJC_ISA_USAGE = YES_ERROR;
				CLANG_WARN_EMPTY_BODY = YES;
				CLANG_WARN_ENUM_CONVERSION = YES;
				CLANG_WARN_INT_CONVERSION = YES;
				CLANG_WARN_OBJC_ROOT_CLASS = YES_ERROR;
				CLANG_WARN_UNREACHABLE_CODE = YES;
				CLANG_WARN__DUPLICATE_METHOD_MATCH = YES;
				"CODE_SIGN_IDENTITY[sdk=iphoneos*]" = "iPhone Developer";
				COPY_PHASE_STRIP = NO;
				DEBUG_INFORMATION_FORMAT = "dwarf-with-dsym";
				ENABLE_NS_ASSERTIONS = NO;
				ENABLE_STRICT_OBJC_MSGSEND = YES;
				GCC_C_LANGUAGE_STANDARD = gnu99;
				GCC_NO_COMMON_BLOCKS = YES;
				GCC_WARN_64_TO_32_BIT_CONVERSION = YES;
				GCC_WARN_ABOUT_RETURN_TYPE = YES_ERROR;
				GCC_WARN_UNDECLARED_SELECTOR = YES;
				GCC_WARN_UNINITIALIZED_AUTOS = YES_AGGRESSIVE;
				GCC_WARN_UNUSED_FUNCTION = YES;
				GCC_WARN_UNUSED_VARIABLE = YES;
				IPHONEOS_DEPLOYMENT_TARGET = 8.4;
				MTL_ENABLE_DEBUG_INFO = NO;
				SDKROOT = iphoneos;
				VALIDATE_PRODUCT = YES;
			};
			name = Release;
		};
		18DF719D1B56337B00F324C1 /* Debug */ = {
			isa = XCBuildConfiguration;
			buildSettings = {
				ASSETCATALOG_COMPILER_APPICON_NAME = AppIcon;
				INFOPLIST_FILE = Towhere/Info.plist;
				LD_RUNPATH_SEARCH_PATHS = "$(inherited) @executable_path/Frameworks";
				PRODUCT_NAME = "$(TARGET_NAME)";
			};
			name = Debug;
		};
		18DF719E1B56337B00F324C1 /* Release */ = {
			isa = XCBuildConfiguration;
			buildSettings = {
				ASSETCATALOG_COMPILER_APPICON_NAME = AppIcon;
				INFOPLIST_FILE = Towhere/Info.plist;
				LD_RUNPATH_SEARCH_PATHS = "$(inherited) @executable_path/Frameworks";
				PRODUCT_NAME = "$(TARGET_NAME)";
			};
			name = Release;
		};
		18DF71A01B56337B00F324C1 /* Debug */ = {
			isa = XCBuildConfiguration;
			buildSettings = {
				BUNDLE_LOADER = "$(TEST_HOST)";
				FRAMEWORK_SEARCH_PATHS = (
					"$(SDKROOT)/Developer/Library/Frameworks",
					"$(inherited)",
				);
				GCC_PREPROCESSOR_DEFINITIONS = (
					"DEBUG=1",
					"$(inherited)",
				);
				INFOPLIST_FILE = TowhereTests/Info.plist;
				LD_RUNPATH_SEARCH_PATHS = "$(inherited) @executable_path/Frameworks @loader_path/Frameworks";
				PRODUCT_NAME = "$(TARGET_NAME)";
				TEST_HOST = "$(BUILT_PRODUCTS_DIR)/Towhere.app/Towhere";
			};
			name = Debug;
		};
		18DF71A11B56337B00F324C1 /* Release */ = {
			isa = XCBuildConfiguration;
			buildSettings = {
				BUNDLE_LOADER = "$(TEST_HOST)";
				FRAMEWORK_SEARCH_PATHS = (
					"$(SDKROOT)/Developer/Library/Frameworks",
					"$(inherited)",
				);
				INFOPLIST_FILE = TowhereTests/Info.plist;
				LD_RUNPATH_SEARCH_PATHS = "$(inherited) @executable_path/Frameworks @loader_path/Frameworks";
				PRODUCT_NAME = "$(TARGET_NAME)";
				TEST_HOST = "$(BUILT_PRODUCTS_DIR)/Towhere.app/Towhere";
			};
			name = Release;
		};
/* End XCBuildConfiguration section */

/* Begin XCConfigurationList section */
		18DF71741B56337B00F324C1 /* Build configuration list for PBXProject "Towhere" */ = {
			isa = XCConfigurationList;
			buildConfigurations = (
				18DF719A1B56337B00F324C1 /* Debug */,
				18DF719B1B56337B00F324C1 /* Release */,
			);
			defaultConfigurationIsVisible = 0;
			defaultConfigurationName = Release;
		};
		18DF719C1B56337B00F324C1 /* Build configuration list for PBXNativeTarget "Towhere" */ = {
			isa = XCConfigurationList;
			buildConfigurations = (
				18DF719D1B56337B00F324C1 /* Debug */,
				18DF719E1B56337B00F324C1 /* Release */,
			);
			defaultConfigurationIsVisible = 0;
		};
		18DF719F1B56337B00F324C1 /* Build configuration list for PBXNativeTarget "TowhereTests" */ = {
			isa = XCConfigurationList;
			buildConfigurations = (
				18DF71A01B56337B00F324C1 /* Debug */,
				18DF71A11B56337B00F324C1 /* Release */,
			);
			defaultConfigurationIsVisible = 0;
		};
/* End XCConfigurationList section */
	};
	rootObject = 18DF71711B56337B00F324C1 /* Project object */;
}
